// !$*UTF8*$!
{
	archiveVersion = 1;
	classes = {
	};
	objectVersion = 45;
	objects = {

/* Begin PBXBuildFile section */
		1D3623260D0F684500981E51 /* III_AR_NavigationAppDelegate.m in Sources */ = {isa = PBXBuildFile; fileRef = 1D3623250D0F684500981E51 /* III_AR_NavigationAppDelegate.m */; };
		1D60589B0D05DD56006BFB54 /* main.m in Sources */ = {isa = PBXBuildFile; fileRef = 29B97316FDCFA39411CA2CEA /* main.m */; };
		1D60589F0D05DD5A006BFB54 /* Foundation.framework in Frameworks */ = {isa = PBXBuildFile; fileRef = 1D30AB110D05D00D00671497 /* Foundation.framework */; };
		1DF5F4E00D08C38300B7A737 /* UIKit.framework in Frameworks */ = {isa = PBXBuildFile; fileRef = 1DF5F4DF0D08C38300B7A737 /* UIKit.framework */; };
		1E339134118F162700F2F327 /* North.png in Resources */ = {isa = PBXBuildFile; fileRef = 1E339133118F162700F2F327 /* North.png */; };
		1E7903EF118AB425009879AD /* Default.png in Resources */ = {isa = PBXBuildFile; fileRef = 1E7903EE118AB425009879AD /* Default.png */; };
		1E8AE1041176F1CD0026C41C /* ARFirstViewController.m in Sources */ = {isa = PBXBuildFile; fileRef = 1E8AE1031176F1CD0026C41C /* ARFirstViewController.m */; };
		1E8AE18E117719900026C41C /* MapKit.framework in Frameworks */ = {isa = PBXBuildFile; fileRef = 1E8AE18D117719900026C41C /* MapKit.framework */; };
		1E95D889116F17BB0090C6F9 /* ARFirstViewController.xib in Resources */ = {isa = PBXBuildFile; fileRef = 1E95D887116F17BB0090C6F9 /* ARFirstViewController.xib */; };
		1E95D88E116F17FF0090C6F9 /* ARSecondeViewController.m in Sources */ = {isa = PBXBuildFile; fileRef = 1E95D88C116F17FF0090C6F9 /* ARSecondeViewController.m */; };
		1E95D88F116F17FF0090C6F9 /* ARSecondeViewController.xib in Resources */ = {isa = PBXBuildFile; fileRef = 1E95D88D116F17FF0090C6F9 /* ARSecondeViewController.xib */; };
		1E95D8B4116F253B0090C6F9 /* CameraDelegate.m in Sources */ = {isa = PBXBuildFile; fileRef = 1E95D8B3116F253B0090C6F9 /* CameraDelegate.m */; };
		1EA5FFEC11881BBA002016E2 /* QuartzCore.framework in Frameworks */ = {isa = PBXBuildFile; fileRef = 1EA5FFEB11881BBA002016E2 /* QuartzCore.framework */; };
		1ED643F611743F72003084DB /* LocationDelegate.m in Sources */ = {isa = PBXBuildFile; fileRef = 1ED643F511743F72003084DB /* LocationDelegate.m */; };
		1ED6445511745FF7003084DB /* CoreLocation.framework in Frameworks */ = {isa = PBXBuildFile; fileRef = 1ED6445411745FF7003084DB /* CoreLocation.framework */; };
		1ED644AE11747C97003084DB /* arrow.png in Resources */ = {isa = PBXBuildFile; fileRef = 1ED644AD11747C97003084DB /* arrow.png */; };
		282CCBFE0DB6C98000C4EA27 /* SecondView.xib in Resources */ = {isa = PBXBuildFile; fileRef = 282CCBFD0DB6C98000C4EA27 /* SecondView.xib */; };
		288765080DF74369002DB57D /* CoreGraphics.framework in Frameworks */ = {isa = PBXBuildFile; fileRef = 288765070DF74369002DB57D /* CoreGraphics.framework */; };
		28AD73880D9D96C1002E5188 /* MainWindow.xib in Resources */ = {isa = PBXBuildFile; fileRef = 28AD73870D9D96C1002E5188 /* MainWindow.xib */; };
/* End PBXBuildFile section */

/* Begin PBXFileReference section */
		1D30AB110D05D00D00671497 /* Foundation.framework */ = {isa = PBXFileReference; lastKnownFileType = wrapper.framework; name = Foundation.framework; path = System/Library/Frameworks/Foundation.framework; sourceTree = SDKROOT; };
		1D3623240D0F684500981E51 /* III_AR_NavigationAppDelegate.h */ = {isa = PBXFileReference; fileEncoding = 4; lastKnownFileType = sourcecode.c.h; name = III_AR_NavigationAppDelegate.h; path = Classes/III_AR_NavigationAppDelegate.h; sourceTree = "<group>"; };
		1D3623250D0F684500981E51 /* III_AR_NavigationAppDelegate.m */ = {isa = PBXFileReference; fileEncoding = 4; lastKnownFileType = sourcecode.c.objc; name = III_AR_NavigationAppDelegate.m; path = Classes/III_AR_NavigationAppDelegate.m; sourceTree = "<group>"; };
		1D6058910D05DD3D006BFB54 /* III_AR_Navigation.app */ = {isa = PBXFileReference; explicitFileType = wrapper.application; includeInIndex = 0; path = III_AR_Navigation.app; sourceTree = BUILT_PRODUCTS_DIR; };
		1DF5F4DF0D08C38300B7A737 /* UIKit.framework */ = {isa = PBXFileReference; lastKnownFileType = wrapper.framework; name = UIKit.framework; path = System/Library/Frameworks/UIKit.framework; sourceTree = SDKROOT; };
		1E339133118F162700F2F327 /* North.png */ = {isa = PBXFileReference; lastKnownFileType = image.png; name = North.png; path = Examples/iPhone/III_AR_Navigation/North.png; sourceTree = DEVELOPER_DIR; };
		1E7903EE118AB425009879AD /* Default.png */ = {isa = PBXFileReference; lastKnownFileType = image.png; path = Default.png; sourceTree = "<group>"; };
		1E8AE1031176F1CD0026C41C /* ARFirstViewController.m */ = {isa = PBXFileReference; fileEncoding = 4; lastKnownFileType = sourcecode.c.objc; name = ARFirstViewController.m; path = Examples/iPhone/III_AR_Navigation/Classes/ARFirstViewController.m; sourceTree = DEVELOPER_DIR; };
		1E8AE18D117719900026C41C /* MapKit.framework */ = {isa = PBXFileReference; lastKnownFileType = wrapper.framework; name = MapKit.framework; path = System/Library/Frameworks/MapKit.framework; sourceTree = SDKROOT; };
		1E95D885116F17BB0090C6F9 /* ARFirstViewController.h */ = {isa = PBXFileReference; fileEncoding = 4; lastKnownFileType = sourcecode.c.h; name = ARFirstViewController.h; path = Examples/iPhone/III_AR_Navigation/Classes/ARFirstViewController.h; sourceTree = DEVELOPER_DIR; };
		1E95D887116F17BB0090C6F9 /* ARFirstViewController.xib */ = {isa = PBXFileReference; lastKnownFileType = file.xib; name = ARFirstViewController.xib; path = Examples/iPhone/III_AR_Navigation/Classes/ARFirstViewController.xib; sourceTree = DEVELOPER_DIR; };
		1E95D88B116F17FF0090C6F9 /* ARSecondeViewController.h */ = {isa = PBXFileReference; fileEncoding = 4; lastKnownFileType = sourcecode.c.h; name = ARSecondeViewController.h; path = Examples/iPhone/III_AR_Navigation/Classes/ARSecondeViewController.h; sourceTree = DEVELOPER_DIR; };
		1E95D88C116F17FF0090C6F9 /* ARSecondeViewController.m */ = {isa = PBXFileReference; fileEncoding = 4; lastKnownFileType = sourcecode.c.objc; name = ARSecondeViewController.m; path = Examples/iPhone/III_AR_Navigation/Classes/ARSecondeViewController.m; sourceTree = DEVELOPER_DIR; };
		1E95D88D116F17FF0090C6F9 /* ARSecondeViewController.xib */ = {isa = PBXFileReference; lastKnownFileType = file.xib; name = ARSecondeViewController.xib; path = Examples/iPhone/III_AR_Navigation/Classes/ARSecondeViewController.xib; sourceTree = DEVELOPER_DIR; };
		1E95D8B2116F253B0090C6F9 /* CameraDelegate.h */ = {isa = PBXFileReference; fileEncoding = 4; lastKnownFileType = sourcecode.c.h; name = CameraDelegate.h; path = Examples/iPhone/III_AR_Navigation/CameraDelegate.h; sourceTree = DEVELOPER_DIR; };
		1E95D8B3116F253B0090C6F9 /* CameraDelegate.m */ = {isa = PBXFileReference; fileEncoding = 4; lastKnownFileType = sourcecode.c.objc; name = CameraDelegate.m; path = Examples/iPhone/III_AR_Navigation/CameraDelegate.m; sourceTree = DEVELOPER_DIR; };
		1EA5FFEB11881BBA002016E2 /* QuartzCore.framework */ = {isa = PBXFileReference; lastKnownFileType = wrapper.framework; name = QuartzCore.framework; path = System/Library/Frameworks/QuartzCore.framework; sourceTree = SDKROOT; };
		1ED643F411743F72003084DB /* LocationDelegate.h */ = {isa = PBXFileReference; fileEncoding = 4; lastKnownFileType = sourcecode.c.h; name = LocationDelegate.h; path = Examples/iPhone/III_AR_Navigation/LocationDelegate.h; sourceTree = DEVELOPER_DIR; };
		1ED643F511743F72003084DB /* LocationDelegate.m */ = {isa = PBXFileReference; fileEncoding = 4; lastKnownFileType = sourcecode.c.objc; name = LocationDelegate.m; path = Examples/iPhone/III_AR_Navigation/LocationDelegate.m; sourceTree = DEVELOPER_DIR; };
		1ED6445411745FF7003084DB /* CoreLocation.framework */ = {isa = PBXFileReference; lastKnownFileType = wrapper.framework; name = CoreLocation.framework; path = System/Library/Frameworks/CoreLocation.framework; sourceTree = SDKROOT; };
		1ED644AD11747C97003084DB /* arrow.png */ = {isa = PBXFileReference; lastKnownFileType = image.png; name = arrow.png; path = /Users/chienaman/Desktop/arrow.png; sourceTree = "<absolute>"; };
		282CCBFD0DB6C98000C4EA27 /* SecondView.xib */ = {isa = PBXFileReference; lastKnownFileType = file.xib; path = SecondView.xib; sourceTree = "<group>"; };
		288765070DF74369002DB57D /* CoreGraphics.framework */ = {isa = PBXFileReference; lastKnownFileType = wrapper.framework; name = CoreGraphics.framework; path = System/Library/Frameworks/CoreGraphics.framework; sourceTree = SDKROOT; };
		28A0AB4B0D9B1048005BE974 /* III_AR_Navigation_Prefix.pch */ = {isa = PBXFileReference; fileEncoding = 4; lastKnownFileType = sourcecode.c.h; path = III_AR_Navigation_Prefix.pch; sourceTree = "<group>"; };
		28AD73870D9D96C1002E5188 /* MainWindow.xib */ = {isa = PBXFileReference; lastKnownFileType = file.xib; path = MainWindow.xib; sourceTree = "<group>"; };
		29B97316FDCFA39411CA2CEA /* main.m */ = {isa = PBXFileReference; fileEncoding = 4; lastKnownFileType = sourcecode.c.objc; path = main.m; sourceTree = "<group>"; };
		8D1107310486CEB800E47090 /* III_AR_Navigation-Info.plist */ = {isa = PBXFileReference; fileEncoding = 4; lastKnownFileType = text.plist.xml; path = "III_AR_Navigation-Info.plist"; plistStructureDefinitionIdentifier = "com.apple.xcode.plist.structure-definition.iphone.info-plist"; sourceTree = "<group>"; };
/* End PBXFileReference section */

/* Begin PBXFrameworksBuildPhase section */
		1D60588F0D05DD3D006BFB54 /* Frameworks */ = {
			isa = PBXFrameworksBuildPhase;
			buildActionMask = 2147483647;
			files = (
				1D60589F0D05DD5A006BFB54 /* Foundation.framework in Frameworks */,
				1DF5F4E00D08C38300B7A737 /* UIKit.framework in Frameworks */,
				288765080DF74369002DB57D /* CoreGraphics.framework in Frameworks */,
				1ED6445511745FF7003084DB /* CoreLocation.framework in Frameworks */,
				1E8AE18E117719900026C41C /* MapKit.framework in Frameworks */,
				1EA5FFEC11881BBA002016E2 /* QuartzCore.framework in Frameworks */,
			);
			runOnlyForDeploymentPostprocessing = 0;
		};
/* End PBXFrameworksBuildPhase section */

/* Begin PBXGroup section */
		080E96DDFE201D6D7F000001 /* Classes */ = {
			isa = PBXGroup;
			children = (
				1E95D885116F17BB0090C6F9 /* ARFirstViewController.h */,
				1E8AE1031176F1CD0026C41C /* ARFirstViewController.m */,
				1E95D88B116F17FF0090C6F9 /* ARSecondeViewController.h */,
				1E95D88C116F17FF0090C6F9 /* ARSecondeViewController.m */,
			);
			path = Classes;
			sourceTree = "<group>";
		};
		19C28FACFE9D520D11CA2CBB /* Products */ = {
			isa = PBXGroup;
			children = (
				1D6058910D05DD3D006BFB54 /* III_AR_Navigation.app */,
			);
			name = Products;
			sourceTree = "<group>";
		};
		1E95D8B1116F251D0090C6F9 /* Delegate */ = {
			isa = PBXGroup;
			children = (
				1E95D8B2116F253B0090C6F9 /* CameraDelegate.h */,
				1E95D8B3116F253B0090C6F9 /* CameraDelegate.m */,
				1ED643F411743F72003084DB /* LocationDelegate.h */,
				1ED643F511743F72003084DB /* LocationDelegate.m */,
				1D3623240D0F684500981E51 /* III_AR_NavigationAppDelegate.h */,
				1D3623250D0F684500981E51 /* III_AR_NavigationAppDelegate.m */,
			);
			name = Delegate;
			sourceTree = "<group>";
		};
		29B97314FDCFA39411CA2CEA /* III_AR_Navigation */ = {
			isa = PBXGroup;
			children = (
				1E95D8B1116F251D0090C6F9 /* Delegate */,
				080E96DDFE201D6D7F000001 /* Classes */,
				29B97315FDCFA39411CA2CEA /* Other Sources */,
				29B97317FDCFA39411CA2CEA /* Resources */,
				29B97323FDCFA39411CA2CEA /* Frameworks */,
				19C28FACFE9D520D11CA2CBB /* Products */,
			);
			name = III_AR_Navigation;
			sourceTree = "<group>";
		};
		29B97315FDCFA39411CA2CEA /* Other Sources */ = {
			isa = PBXGroup;
			children = (
				28A0AB4B0D9B1048005BE974 /* III_AR_Navigation_Prefix.pch */,
				29B97316FDCFA39411CA2CEA /* main.m */,
			);
			name = "Other Sources";
			sourceTree = "<group>";
		};
		29B97317FDCFA39411CA2CEA /* Resources */ = {
			isa = PBXGroup;
			children = (
				1E7903EE118AB425009879AD /* Default.png */,
				1E339133118F162700F2F327 /* North.png */,
				1ED644AD11747C97003084DB /* arrow.png */,
				1E95D88D116F17FF0090C6F9 /* ARSecondeViewController.xib */,
				1E95D887116F17BB0090C6F9 /* ARFirstViewController.xib */,
				282CCBFD0DB6C98000C4EA27 /* SecondView.xib */,
				28AD73870D9D96C1002E5188 /* MainWindow.xib */,
				8D1107310486CEB800E47090 /* III_AR_Navigation-Info.plist */,
			);
			name = Resources;
			sourceTree = "<group>";
		};
		29B97323FDCFA39411CA2CEA /* Frameworks */ = {
			isa = PBXGroup;
			children = (
				1DF5F4DF0D08C38300B7A737 /* UIKit.framework */,
				1D30AB110D05D00D00671497 /* Foundation.framework */,
				288765070DF74369002DB57D /* CoreGraphics.framework */,
				1ED6445411745FF7003084DB /* CoreLocation.framework */,
				1E8AE18D117719900026C41C /* MapKit.framework */,
				1EA5FFEB11881BBA002016E2 /* QuartzCore.framework */,
			);
			name = Frameworks;
			sourceTree = "<group>";
		};
/* End PBXGroup section */

/* Begin PBXNativeTarget section */
		1D6058900D05DD3D006BFB54 /* i隨行 */ = {
			isa = PBXNativeTarget;
			buildConfigurationList = 1D6058960D05DD3E006BFB54 /* Build configuration list for PBXNativeTarget "i隨行" */;
			buildPhases = (
				1D60588D0D05DD3D006BFB54 /* Resources */,
				1D60588E0D05DD3D006BFB54 /* Sources */,
				1D60588F0D05DD3D006BFB54 /* Frameworks */,
			);
			buildRules = (
			);
			dependencies = (
			);
			name = "i隨行";
			productName = III_AR_Navigation;
			productReference = 1D6058910D05DD3D006BFB54 /* III_AR_Navigation.app */;
			productType = "com.apple.product-type.application";
		};
/* End PBXNativeTarget section */

/* Begin PBXProject section */
		29B97313FDCFA39411CA2CEA /* Project object */ = {
			isa = PBXProject;
			buildConfigurationList = C01FCF4E08A954540054247B /* Build configuration list for PBXProject "III_AR_Navigation" */;
			compatibilityVersion = "Xcode 3.1";
			hasScannedForEncodings = 1;
			mainGroup = 29B97314FDCFA39411CA2CEA /* III_AR_Navigation */;
			projectDirPath = "";
			projectRoot = "";
			targets = (
				1D6058900D05DD3D006BFB54 /* i隨行 */,
			);
		};
/* End PBXProject section */

/* Begin PBXResourcesBuildPhase section */
		1D60588D0D05DD3D006BFB54 /* Resources */ = {
			isa = PBXResourcesBuildPhase;
			buildActionMask = 2147483647;
			files = (
				28AD73880D9D96C1002E5188 /* MainWindow.xib in Resources */,
				282CCBFE0DB6C98000C4EA27 /* SecondView.xib in Resources */,
				1E95D889116F17BB0090C6F9 /* ARFirstViewController.xib in Resources */,
				1E95D88F116F17FF0090C6F9 /* ARSecondeViewController.xib in Resources */,
				1ED644AE11747C97003084DB /* arrow.png in Resources */,
				1E7903EF118AB425009879AD /* Default.png in Resources */,
				1E339134118F162700F2F327 /* North.png in Resources */,
			);
			runOnlyForDeploymentPostprocessing = 0;
		};
/* End PBXResourcesBuildPhase section */

/* Begin PBXSourcesBuildPhase section */
		1D60588E0D05DD3D006BFB54 /* Sources */ = {
			isa = PBXSourcesBuildPhase;
			buildActionMask = 2147483647;
			files = (
				1D60589B0D05DD56006BFB54 /* main.m in Sources */,
				1D3623260D0F684500981E51 /* III_AR_NavigationAppDelegate.m in Sources */,
				1E95D88E116F17FF0090C6F9 /* ARSecondeViewController.m in Sources */,
				1E95D8B4116F253B0090C6F9 /* CameraDelegate.m in Sources */,
				1ED643F611743F72003084DB /* LocationDelegate.m in Sources */,
				1E8AE1041176F1CD0026C41C /* ARFirstViewController.m in Sources */,
			);
			runOnlyForDeploymentPostprocessing = 0;
		};
/* End PBXSourcesBuildPhase section */

/* Begin XCBuildConfiguration section */
		1D6058940D05DD3E006BFB54 /* Debug */ = {
			isa = XCBuildConfiguration;
			buildSettings = {
				ALWAYS_SEARCH_USER_PATHS = NO;
				CODE_SIGN_IDENTITY = "iPhone Developer: Fu-Chun Hsu (Y46W95DUNH)";
				"CODE_SIGN_IDENTITY[sdk=iphoneos*]" = "iPhone Developer: Fu-Chun Hsu (Y46W95DUNH)";
				COPY_PHASE_STRIP = NO;
				GCC_DYNAMIC_NO_PIC = NO;
				GCC_OPTIMIZATION_LEVEL = 0;
				GCC_PRECOMPILE_PREFIX_HEADER = YES;
				GCC_PREFIX_HEADER = III_AR_Navigation_Prefix.pch;
				INFOPLIST_FILE = "III_AR_Navigation-Info.plist";
				PRODUCT_NAME = III_AR_Navigation;
				PROVISIONING_PROFILE = "21ACF331-BE7B-4C30-A87C-A46017FD0708";
				"PROVISIONING_PROFILE[sdk=iphoneos*]" = "21ACF331-BE7B-4C30-A87C-A46017FD0708";
			};
			name = Debug;
		};
		1D6058950D05DD3E006BFB54 /* Release */ = {
			isa = XCBuildConfiguration;
			buildSettings = {
				ALWAYS_SEARCH_USER_PATHS = NO;
				COPY_PHASE_STRIP = YES;
				GCC_PRECOMPILE_PREFIX_HEADER = YES;
				GCC_PREFIX_HEADER = III_AR_Navigation_Prefix.pch;
				INFOPLIST_FILE = "III_AR_Navigation-Info.plist";
				PRODUCT_NAME = III_AR_Navigation;
			};
			name = Release;
		};
		C01FCF4F08A954540054247B /* Debug */ = {
			isa = XCBuildConfiguration;
			buildSettings = {
				ARCHS = "$(ARCHS_STANDARD_32_BIT)";
				"CODE_SIGN_IDENTITY[sdk=iphoneos*]" = "iPhone Developer";
				GCC_C_LANGUAGE_STANDARD = c99;
				GCC_WARN_ABOUT_RETURN_TYPE = YES;
				GCC_WARN_UNUSED_VARIABLE = YES;
				PREBINDING = NO;
				SDKROOT = iphoneos3.1.3;
				//SDKROOT = iphoneos3.2;
			};
			name = Debug;
		};
		C01FCF5008A954540054247B /* Release */ = {
			isa = XCBuildConfiguration;
			buildSettings = {
				ARCHS = "$(ARCHS_STANDARD_32_BIT)";
				"CODE_SIGN_IDENTITY[sdk=iphoneos*]" = "iPhone Developer";
				GCC_C_LANGUAGE_STANDARD = c99;
				GCC_WARN_ABOUT_RETURN_TYPE = YES;
				GCC_WARN_UNUSED_VARIABLE = YES;
				PREBINDING = NO;
				SDKROOT = iphoneos3.1.3;
				//SDKROOT = iphoneos3.2;
			};
			name = Release;
		};
/* End XCBuildConfiguration section */

/* Begin XCConfigurationList section */
		1D6058960D05DD3E006BFB54 /* Build configuration list for PBXNativeTarget "i隨行" */ = {
			isa = XCConfigurationList;
			buildConfigurations = (
				1D6058940D05DD3E006BFB54 /* Debug */,
				1D6058950D05DD3E006BFB54 /* Release */,
			);
			defaultConfigurationIsVisible = 0;
			defaultConfigurationName = Release;
		};
		C01FCF4E08A954540054247B /* Build configuration list for PBXProject "III_AR_Navigation" */ = {
			isa = XCConfigurationList;
			buildConfigurations = (
				C01FCF4F08A954540054247B /* Debug */,
				C01FCF5008A954540054247B /* Release */,
			);
			defaultConfigurationIsVisible = 0;
			defaultConfigurationName = Release;
		};
/* End XCConfigurationList section */
	};
	rootObject = 29B97313FDCFA39411CA2CEA /* Project object */;
}
